
Microsoft Visual Studio Solution File, Format Version 10.00
# Visual Studio 2008
Project("{8BC9CEB8-8B4A-11D0-8D11-00A0C91BC942}") = "Client", "Client\Client.vcproj", "{F93B0884-D03E-4167-9974-2EBED1A9F529}"
EndProject
Project("{8BC9CEB8-8B4A-11D0-8D11-00A0C91BC942}") = "Client2", "Client2\Client2.vcproj", "{D505F7D8-B77F-4E75-9859-AE0A093CDB97}"
EndProject
Project("{8BC9CEB8-8B4A-11D0-8D11-00A0C91BC942}") = "Mpi", "Mpi\Mpi.vcproj", "{024D5418-BFAE-4FB9-8161-CB50CDC5B1FA}"
EndProject
Project("{8BC9CEB8-8B4A-11D0-8D11-00A0C91BC942}") = "Sharemem1", "Sharemem1\Sharemem1.vcproj", "{2132C36D-4BE5-4CA6-AADC-2A802BD2098E}"
EndProject
Project("{8BC9CEB8-8B4A-11D0-8D11-00A0C91BC942}") = "Sharemem2", "Sharemem2\Sharemem2.vcproj", "{54D25C50-8D66-4A3B-A956-5620FE55EB1C}"
EndProject
Project("{8BC9CEB8-8B4A-11D0-8D11-00A0C91BC942}") = "SharememHeap", "SharememHeap\SharememHeap.vcproj", "{017072B9-E479-4D7A-B978-7DEC8A23DC6C}"
EndProject
Project("{8BC9CEB8-8B4A-11D0-8D11-00A0C91BC942}") = "SharememHeapMap", "SharememHeapMap\SharememHeapMap.vcproj", "{369CA8F7-A156-42FA-943B-476DF1CF454B}"
EndProject
Project("{8BC9CEB8-8B4A-11D0-8D11-00A0C91BC942}") = "SharememHeapMapTest", "SharememHeapMapTest\SharememHeapMapTest.vcproj", "{053E75EA-1A91-48EC-BD60-D5903391E8E8}"
EndProject
Project("{8BC9CEB8-8B4A-11D0-8D11-00A0C91BC942}") = "SharememLibrary", "SharememLibrary\SharememLibrary.vcproj", "{DE523E11-20D1-4E6B-9C22-5BA5E3BFAC8C}"
EndProject
Project("{8BC9CEB8-8B4A-11D0-8D11-00A0C91BC942}") = "SharememLibraryTest", "SharememLibraryTest\SharememLibraryTest.vcproj", "{DDE77160-F918-4280-958D-266C11FB0881}"
EndProject
Global
	GlobalSection(SolutionConfigurationPlatforms) = preSolution
		Debug|Win32 = Debug|Win32
		Release|Win32 = Release|Win32
	EndGlobalSection
	GlobalSection(ProjectConfigurationPlatforms) = postSolution
		{F93B0884-D03E-4167-9974-2EBED1A9F529}.Debug|Win32.ActiveCfg = Debug|Win32
		{F93B0884-D03E-4167-9974-2EBED1A9F529}.Debug|Win32.Build.0 = Debug|Win32
		{F93B0884-D03E-4167-9974-2EBED1A9F529}.Release|Win32.ActiveCfg = Release|Win32
		{F93B0884-D03E-4167-9974-2EBED1A9F529}.Release|Win32.Build.0 = Release|Win32
		{D505F7D8-B77F-4E75-9859-AE0A093CDB97}.Debug|Win32.ActiveCfg = Debug|Win32
		{D505F7D8-B77F-4E75-9859-AE0A093CDB97}.Debug|Win32.Build.0 = Debug|Win32
		{D505F7D8-B77F-4E75-9859-AE0A093CDB97}.Release|Win32.ActiveCfg = Release|Win32
		{D505F7D8-B77F-4E75-9859-AE0A093CDB97}.Release|Win32.Build.0 = Release|Win32
		{024D5418-BFAE-4FB9-8161-CB50CDC5B1FA}.Debug|Win32.ActiveCfg = Debug|Win32
		{024D5418-BFAE-4FB9-8161-CB50CDC5B1FA}.Debug|Win32.Build.0 = Debug|Win32
		{024D5418-BFAE-4FB9-8161-CB50CDC5B1FA}.Release|Win32.ActiveCfg = Release|Win32
		{024D5418-BFAE-4FB9-8161-CB50CDC5B1FA}.Release|Win32.Build.0 = Release|Win32
		{2132C36D-4BE5-4CA6-AADC-2A802BD2098E}.Debug|Win32.ActiveCfg = Debug|Win32
		{2132C36D-4BE5-4CA6-AADC-2A802BD2098E}.Debug|Win32.Build.0 = Debug|Win32
		{2132C36D-4BE5-4CA6-AADC-2A802BD2098E}.Release|Win32.ActiveCfg = Release|Win32
		{2132C36D-4BE5-4CA6-AADC-2A802BD2098E}.Release|Win32.Build.0 = Release|Win32
		{54D25C50-8D66-4A3B-A956-5620FE55EB1C}.Debug|Win32.ActiveCfg = Debug|Win32
		{54D25C50-8D66-4A3B-A956-5620FE55EB1C}.Debug|Win32.Build.0 = Debug|Win32
		{54D25C50-8D66-4A3B-A956-5620FE55EB1C}.Release|Win32.ActiveCfg = Release|Win32
		{54D25C50-8D66-4A3B-A956-5620FE55EB1C}.Release|Win32.Build.0 = Release|Win32
		{017072B9-E479-4D7A-B978-7DEC8A23DC6C}.Debug|Win32.ActiveCfg = Debug|Win32
		{017072B9-E479-4D7A-B978-7DEC8A23DC6C}.Debug|Win32.Build.0 = Debug|Win32
		{017072B9-E479-4D7A-B978-7DEC8A23DC6C}.Release|Win32.ActiveCfg = Release|Win32
		{017072B9-E479-4D7A-B978-7DEC8A23DC6C}.Release|Win32.Build.0 = Release|Win32
		{369CA8F7-A156-42FA-943B-476DF1CF454B}.Debug|Win32.ActiveCfg = Debug|Win32
		{369CA8F7-A156-42FA-943B-476DF1CF454B}.Debug|Win32.Build.0 = Debug|Win32
		{369CA8F7-A156-42FA-943B-476DF1CF454B}.Release|Win32.ActiveCfg = Release|Win32
		{369CA8F7-A156-42FA-943B-476DF1CF454B}.Release|Win32.Build.0 = Release|Win32
		{053E75EA-1A91-48EC-BD60-D5903391E8E8}.Debug|Win32.ActiveCfg = Debug|Win32
		{053E75EA-1A91-48EC-BD60-D5903391E8E8}.Debug|Win32.Build.0 = Debug|Win32
		{053E75EA-1A91-48EC-BD60-D5903391E8E8}.Release|Win32.ActiveCfg = Release|Win32
		{053E75EA-1A91-48EC-BD60-D5903391E8E8}.Release|Win32.Build.0 = Release|Win32
		{DE523E11-20D1-4E6B-9C22-5BA5E3BFAC8C}.Debug|Win32.ActiveCfg = Debug|Win32
		{DE523E11-20D1-4E6B-9C22-5BA5E3BFAC8C}.Debug|Win32.Build.0 = Debug|Win32
		{DE523E11-20D1-4E6B-9C22-5BA5E3BFAC8C}.Release|Win32.ActiveCfg = Release|Win32
		{DE523E11-20D1-4E6B-9C22-5BA5E3BFAC8C}.Release|Win32.Build.0 = Release|Win32
		{DDE77160-F918-4280-958D-266C11FB0881}.Debug|Win32.ActiveCfg = Debug|Win32
		{DDE77160-F918-4280-958D-266C11FB0881}.Debug|Win32.Build.0 = Debug|Win32
		{DDE77160-F918-4280-958D-266C11FB0881}.Release|Win32.ActiveCfg = Release|Win32
		{DDE77160-F918-4280-958D-266C11FB0881}.Release|Win32.Build.0 = Release|Win32
	EndGlobalSection
	GlobalSection(SolutionProperties) = preSolution
		HideSolutionNode = FALSE
	EndGlobalSection
EndGlobal
